// !$*UTF8*$!
{
	archiveVersion = 1;
	classes = {
	};
	objectVersion = 55;
	objects = {

/* Begin PBXBuildFile section */
		06725C39FD9BAC91123C12B6 /* Pods_photoEditorChallenge_photoEditorChallengeUITests.framework in Frameworks */ = {isa = PBXBuildFile; fileRef = 780B53464AFB268643BCD448 /* Pods_photoEditorChallenge_photoEditorChallengeUITests.framework */; };
		401D4A583DB03AC63DBF1C96 /* Pods_photoEditorChallenge.framework in Frameworks */ = {isa = PBXBuildFile; fileRef = 9615255D454CD98011FC3DE8 /* Pods_photoEditorChallenge.framework */; };
		6744AA8B0BC52477713464AE /* Pods_photoEditorChallengeTests.framework in Frameworks */ = {isa = PBXBuildFile; fileRef = 1921E65EFDF55A7F4D1B9025 /* Pods_photoEditorChallengeTests.framework */; };
		94FBA83E27BD68F800A0DBDD /* Alamofire in Frameworks */ = {isa = PBXBuildFile; productRef = 94FBA83D27BD68F800A0DBDD /* Alamofire */; };
		94FE531127BCAE2500EA743E /* PhotoCollectionViewController.swift in Sources */ = {isa = PBXBuildFile; fileRef = 94FE531027BCAE2500EA743E /* PhotoCollectionViewController.swift */; };
		94FE531427BCAE6A00EA743E /* PhotoArrayCollectionViewCell.swift in Sources */ = {isa = PBXBuildFile; fileRef = 94FE531227BCAE6A00EA743E /* PhotoArrayCollectionViewCell.swift */; };
		94FE531527BCAE6A00EA743E /* PhotoArrayCollectionViewCell.xib in Resources */ = {isa = PBXBuildFile; fileRef = 94FE531327BCAE6A00EA743E /* PhotoArrayCollectionViewCell.xib */; };
		94FE535527BCC4D800EA743E /* PhotoWebData.swift in Sources */ = {isa = PBXBuildFile; fileRef = 94FE535427BCC4D800EA743E /* PhotoWebData.swift */; };
		94FE535727BCC56800EA743E /* SelectedPhotoViewController.swift in Sources */ = {isa = PBXBuildFile; fileRef = 94FE535627BCC56800EA743E /* SelectedPhotoViewController.swift */; };
		94FF5A6727BC097C00FEB338 /* AppDelegate.swift in Sources */ = {isa = PBXBuildFile; fileRef = 94FF5A6627BC097C00FEB338 /* AppDelegate.swift */; };
		94FF5A6927BC097C00FEB338 /* SceneDelegate.swift in Sources */ = {isa = PBXBuildFile; fileRef = 94FF5A6827BC097C00FEB338 /* SceneDelegate.swift */; };
		94FF5A6E27BC097C00FEB338 /* Main.storyboard in Resources */ = {isa = PBXBuildFile; fileRef = 94FF5A6C27BC097C00FEB338 /* Main.storyboard */; };
		94FF5A7027BC097D00FEB338 /* Assets.xcassets in Resources */ = {isa = PBXBuildFile; fileRef = 94FF5A6F27BC097D00FEB338 /* Assets.xcassets */; };
		94FF5A7327BC097D00FEB338 /* LaunchScreen.storyboard in Resources */ = {isa = PBXBuildFile; fileRef = 94FF5A7127BC097D00FEB338 /* LaunchScreen.storyboard */; };
		94FF5A7E27BC097D00FEB338 /* photoEditorChallengeTests.swift in Sources */ = {isa = PBXBuildFile; fileRef = 94FF5A7D27BC097D00FEB338 /* photoEditorChallengeTests.swift */; };
		94FF5A8827BC097D00FEB338 /* photoEditorChallengeUITests.swift in Sources */ = {isa = PBXBuildFile; fileRef = 94FF5A8727BC097D00FEB338 /* photoEditorChallengeUITests.swift */; };
		94FF5A8A27BC097D00FEB338 /* photoEditorChallengeUITestsLaunchTests.swift in Sources */ = {isa = PBXBuildFile; fileRef = 94FF5A8927BC097D00FEB338 /* photoEditorChallengeUITestsLaunchTests.swift */; };
		94FF5A9727BC09EF00FEB338 /* PhotoRecieverFromWeb.swift in Sources */ = {isa = PBXBuildFile; fileRef = 94FF5A9627BC09EF00FEB338 /* PhotoRecieverFromWeb.swift */; };
		94FF5A9B27BC1E4400FEB338 /* PhotoAppModel.swift in Sources */ = {isa = PBXBuildFile; fileRef = 94FF5A9A27BC1E4400FEB338 /* PhotoAppModel.swift */; };
/* End PBXBuildFile section */

/* Begin PBXContainerItemProxy section */
		94FF5A7A27BC097D00FEB338 /* PBXContainerItemProxy */ = {
			isa = PBXContainerItemProxy;
			containerPortal = 94FF5A5B27BC097C00FEB338 /* Project object */;
			proxyType = 1;
			remoteGlobalIDString = 94FF5A6227BC097C00FEB338;
			remoteInfo = photoEditorChallenge;
		};
		94FF5A8427BC097D00FEB338 /* PBXContainerItemProxy */ = {
			isa = PBXContainerItemProxy;
			containerPortal = 94FF5A5B27BC097C00FEB338 /* Project object */;
			proxyType = 1;
			remoteGlobalIDString = 94FF5A6227BC097C00FEB338;
			remoteInfo = photoEditorChallenge;
		};
/* End PBXContainerItemProxy section */

/* Begin PBXFileReference section */
		16EB3FC33EDAC610D1026BF7 /* Pods-photoEditorChallenge-photoEditorChallengeUITests.debug.xcconfig */ = {isa = PBXFileReference; includeInIndex = 1; lastKnownFileType = text.xcconfig; name = "Pods-photoEditorChallenge-photoEditorChallengeUITests.debug.xcconfig"; path = "Target Support Files/Pods-photoEditorChallenge-photoEditorChallengeUITests/Pods-photoEditorChallenge-photoEditorChallengeUITests.debug.xcconfig"; sourceTree = "<group>"; };
		1921E65EFDF55A7F4D1B9025 /* Pods_photoEditorChallengeTests.framework */ = {isa = PBXFileReference; explicitFileType = wrapper.framework; includeInIndex = 0; path = Pods_photoEditorChallengeTests.framework; sourceTree = BUILT_PRODUCTS_DIR; };
		3334620CA785CF76324792DA /* Pods-photoEditorChallenge.debug.xcconfig */ = {isa = PBXFileReference; includeInIndex = 1; lastKnownFileType = text.xcconfig; name = "Pods-photoEditorChallenge.debug.xcconfig"; path = "Target Support Files/Pods-photoEditorChallenge/Pods-photoEditorChallenge.debug.xcconfig"; sourceTree = "<group>"; };
		51E64AD0DD03F954626D192D /* Pods-photoEditorChallenge.release.xcconfig */ = {isa = PBXFileReference; includeInIndex = 1; lastKnownFileType = text.xcconfig; name = "Pods-photoEditorChallenge.release.xcconfig"; path = "Target Support Files/Pods-photoEditorChallenge/Pods-photoEditorChallenge.release.xcconfig"; sourceTree = "<group>"; };
		5FD9D7440BD0AA6AEF1C3302 /* Pods-photoEditorChallengeTests.debug.xcconfig */ = {isa = PBXFileReference; includeInIndex = 1; lastKnownFileType = text.xcconfig; name = "Pods-photoEditorChallengeTests.debug.xcconfig"; path = "Target Support Files/Pods-photoEditorChallengeTests/Pods-photoEditorChallengeTests.debug.xcconfig"; sourceTree = "<group>"; };
		780B53464AFB268643BCD448 /* Pods_photoEditorChallenge_photoEditorChallengeUITests.framework */ = {isa = PBXFileReference; explicitFileType = wrapper.framework; includeInIndex = 0; path = Pods_photoEditorChallenge_photoEditorChallengeUITests.framework; sourceTree = BUILT_PRODUCTS_DIR; };
		84C91E917BBEDECDCD718C0C /* Pods-photoEditorChallenge-photoEditorChallengeUITests.release.xcconfig */ = {isa = PBXFileReference; includeInIndex = 1; lastKnownFileType = text.xcconfig; name = "Pods-photoEditorChallenge-photoEditorChallengeUITests.release.xcconfig"; path = "Target Support Files/Pods-photoEditorChallenge-photoEditorChallengeUITests/Pods-photoEditorChallenge-photoEditorChallengeUITests.release.xcconfig"; sourceTree = "<group>"; };
		94FE531027BCAE2500EA743E /* PhotoCollectionViewController.swift */ = {isa = PBXFileReference; lastKnownFileType = sourcecode.swift; path = PhotoCollectionViewController.swift; sourceTree = "<group>"; };
		94FE531227BCAE6A00EA743E /* PhotoArrayCollectionViewCell.swift */ = {isa = PBXFileReference; lastKnownFileType = sourcecode.swift; path = PhotoArrayCollectionViewCell.swift; sourceTree = "<group>"; };
		94FE531327BCAE6A00EA743E /* PhotoArrayCollectionViewCell.xib */ = {isa = PBXFileReference; lastKnownFileType = file.xib; path = PhotoArrayCollectionViewCell.xib; sourceTree = "<group>"; };
		94FE535427BCC4D800EA743E /* PhotoWebData.swift */ = {isa = PBXFileReference; lastKnownFileType = sourcecode.swift; path = PhotoWebData.swift; sourceTree = "<group>"; };
		94FE535627BCC56800EA743E /* SelectedPhotoViewController.swift */ = {isa = PBXFileReference; lastKnownFileType = sourcecode.swift; path = SelectedPhotoViewController.swift; sourceTree = "<group>"; };
		94FF5A6327BC097C00FEB338 /* photoEditorChallenge.app */ = {isa = PBXFileReference; explicitFileType = wrapper.application; includeInIndex = 0; path = photoEditorChallenge.app; sourceTree = BUILT_PRODUCTS_DIR; };
		94FF5A6627BC097C00FEB338 /* AppDelegate.swift */ = {isa = PBXFileReference; lastKnownFileType = sourcecode.swift; path = AppDelegate.swift; sourceTree = "<group>"; };
		94FF5A6827BC097C00FEB338 /* SceneDelegate.swift */ = {isa = PBXFileReference; lastKnownFileType = sourcecode.swift; path = SceneDelegate.swift; sourceTree = "<group>"; };
		94FF5A6D27BC097C00FEB338 /* Base */ = {isa = PBXFileReference; lastKnownFileType = file.storyboard; name = Base; path = Base.lproj/Main.storyboard; sourceTree = "<group>"; };
		94FF5A6F27BC097D00FEB338 /* Assets.xcassets */ = {isa = PBXFileReference; lastKnownFileType = folder.assetcatalog; path = Assets.xcassets; sourceTree = "<group>"; };
		94FF5A7227BC097D00FEB338 /* Base */ = {isa = PBXFileReference; lastKnownFileType = file.storyboard; name = Base; path = Base.lproj/LaunchScreen.storyboard; sourceTree = "<group>"; };
		94FF5A7427BC097D00FEB338 /* Info.plist */ = {isa = PBXFileReference; lastKnownFileType = text.plist.xml; path = Info.plist; sourceTree = "<group>"; };
		94FF5A7927BC097D00FEB338 /* photoEditorChallengeTests.xctest */ = {isa = PBXFileReference; explicitFileType = wrapper.cfbundle; includeInIndex = 0; path = photoEditorChallengeTests.xctest; sourceTree = BUILT_PRODUCTS_DIR; };
		94FF5A7D27BC097D00FEB338 /* photoEditorChallengeTests.swift */ = {isa = PBXFileReference; lastKnownFileType = sourcecode.swift; path = photoEditorChallengeTests.swift; sourceTree = "<group>"; };
		94FF5A8327BC097D00FEB338 /* photoEditorChallengeUITests.xctest */ = {isa = PBXFileReference; explicitFileType = wrapper.cfbundle; includeInIndex = 0; path = photoEditorChallengeUITests.xctest; sourceTree = BUILT_PRODUCTS_DIR; };
		94FF5A8727BC097D00FEB338 /* photoEditorChallengeUITests.swift */ = {isa = PBXFileReference; lastKnownFileType = sourcecode.swift; path = photoEditorChallengeUITests.swift; sourceTree = "<group>"; };
		94FF5A8927BC097D00FEB338 /* photoEditorChallengeUITestsLaunchTests.swift */ = {isa = PBXFileReference; lastKnownFileType = sourcecode.swift; path = photoEditorChallengeUITestsLaunchTests.swift; sourceTree = "<group>"; };
		94FF5A9627BC09EF00FEB338 /* PhotoRecieverFromWeb.swift */ = {isa = PBXFileReference; lastKnownFileType = sourcecode.swift; path = PhotoRecieverFromWeb.swift; sourceTree = "<group>"; };
		94FF5A9A27BC1E4400FEB338 /* PhotoAppModel.swift */ = {isa = PBXFileReference; lastKnownFileType = sourcecode.swift; path = PhotoAppModel.swift; sourceTree = "<group>"; };
		9615255D454CD98011FC3DE8 /* Pods_photoEditorChallenge.framework */ = {isa = PBXFileReference; explicitFileType = wrapper.framework; includeInIndex = 0; path = Pods_photoEditorChallenge.framework; sourceTree = BUILT_PRODUCTS_DIR; };
		BC6B5AAE48DE6E75B36283A3 /* Pods-photoEditorChallengeTests.release.xcconfig */ = {isa = PBXFileReference; includeInIndex = 1; lastKnownFileType = text.xcconfig; name = "Pods-photoEditorChallengeTests.release.xcconfig"; path = "Target Support Files/Pods-photoEditorChallengeTests/Pods-photoEditorChallengeTests.release.xcconfig"; sourceTree = "<group>"; };
/* End PBXFileReference section */

/* Begin PBXFrameworksBuildPhase section */
		94FF5A6027BC097C00FEB338 /* Frameworks */ = {
			isa = PBXFrameworksBuildPhase;
			buildActionMask = 2147483647;
			files = (
				401D4A583DB03AC63DBF1C96 /* Pods_photoEditorChallenge.framework in Frameworks */,
				94FBA83E27BD68F800A0DBDD /* Alamofire in Frameworks */,
			);
			runOnlyForDeploymentPostprocessing = 0;
		};
		94FF5A7627BC097D00FEB338 /* Frameworks */ = {
			isa = PBXFrameworksBuildPhase;
			buildActionMask = 2147483647;
			files = (
				6744AA8B0BC52477713464AE /* Pods_photoEditorChallengeTests.framework in Frameworks */,
			);
			runOnlyForDeploymentPostprocessing = 0;
		};
		94FF5A8027BC097D00FEB338 /* Frameworks */ = {
			isa = PBXFrameworksBuildPhase;
			buildActionMask = 2147483647;
			files = (
				06725C39FD9BAC91123C12B6 /* Pods_photoEditorChallenge_photoEditorChallengeUITests.framework in Frameworks */,
			);
			runOnlyForDeploymentPostprocessing = 0;
		};
/* End PBXFrameworksBuildPhase section */

/* Begin PBXGroup section */
		54B8309DCD7E5DD78DFA029B /* Frameworks */ = {
			isa = PBXGroup;
			children = (
				9615255D454CD98011FC3DE8 /* Pods_photoEditorChallenge.framework */,
				780B53464AFB268643BCD448 /* Pods_photoEditorChallenge_photoEditorChallengeUITests.framework */,
				1921E65EFDF55A7F4D1B9025 /* Pods_photoEditorChallengeTests.framework */,
			);
			name = Frameworks;
			sourceTree = "<group>";
		};
		94FF5A5A27BC097C00FEB338 = {
			isa = PBXGroup;
			children = (
				94FF5A6527BC097C00FEB338 /* photoEditorChallenge */,
				94FF5A7C27BC097D00FEB338 /* photoEditorChallengeTests */,
				94FF5A8627BC097D00FEB338 /* photoEditorChallengeUITests */,
				94FF5A6427BC097C00FEB338 /* Products */,
				A36458AFBF6E4D78056159B5 /* Pods */,
				54B8309DCD7E5DD78DFA029B /* Frameworks */,
			);
			sourceTree = "<group>";
		};
		94FF5A6427BC097C00FEB338 /* Products */ = {
			isa = PBXGroup;
			children = (
				94FF5A6327BC097C00FEB338 /* photoEditorChallenge.app */,
				94FF5A7927BC097D00FEB338 /* photoEditorChallengeTests.xctest */,
				94FF5A8327BC097D00FEB338 /* photoEditorChallengeUITests.xctest */,
			);
			name = Products;
			sourceTree = "<group>";
		};
		94FF5A6527BC097C00FEB338 /* photoEditorChallenge */ = {
			isa = PBXGroup;
			children = (
				94FF5A6627BC097C00FEB338 /* AppDelegate.swift */,
				94FF5A6827BC097C00FEB338 /* SceneDelegate.swift */,
				94FF5A6C27BC097C00FEB338 /* Main.storyboard */,
				94FF5A6F27BC097D00FEB338 /* Assets.xcassets */,
				94FF5A7127BC097D00FEB338 /* LaunchScreen.storyboard */,
				94FF5A7427BC097D00FEB338 /* Info.plist */,
				94FF5A9627BC09EF00FEB338 /* PhotoRecieverFromWeb.swift */,
				94FF5A9A27BC1E4400FEB338 /* PhotoAppModel.swift */,
				94FE535427BCC4D800EA743E /* PhotoWebData.swift */,
				94FE531027BCAE2500EA743E /* PhotoCollectionViewController.swift */,
				94FE531227BCAE6A00EA743E /* PhotoArrayCollectionViewCell.swift */,
				94FE531327BCAE6A00EA743E /* PhotoArrayCollectionViewCell.xib */,
				94FE535627BCC56800EA743E /* SelectedPhotoViewController.swift */,
			);
			path = photoEditorChallenge;
			sourceTree = "<group>";
		};
		94FF5A7C27BC097D00FEB338 /* photoEditorChallengeTests */ = {
			isa = PBXGroup;
			children = (
				94FF5A7D27BC097D00FEB338 /* photoEditorChallengeTests.swift */,
			);
			path = photoEditorChallengeTests;
			sourceTree = "<group>";
		};
		94FF5A8627BC097D00FEB338 /* photoEditorChallengeUITests */ = {
			isa = PBXGroup;
			children = (
				94FF5A8727BC097D00FEB338 /* photoEditorChallengeUITests.swift */,
				94FF5A8927BC097D00FEB338 /* photoEditorChallengeUITestsLaunchTests.swift */,
			);
			path = photoEditorChallengeUITests;
			sourceTree = "<group>";
		};
		A36458AFBF6E4D78056159B5 /* Pods */ = {
			isa = PBXGroup;
			children = (
				3334620CA785CF76324792DA /* Pods-photoEditorChallenge.debug.xcconfig */,
				51E64AD0DD03F954626D192D /* Pods-photoEditorChallenge.release.xcconfig */,
				16EB3FC33EDAC610D1026BF7 /* Pods-photoEditorChallenge-photoEditorChallengeUITests.debug.xcconfig */,
				84C91E917BBEDECDCD718C0C /* Pods-photoEditorChallenge-photoEditorChallengeUITests.release.xcconfig */,
				5FD9D7440BD0AA6AEF1C3302 /* Pods-photoEditorChallengeTests.debug.xcconfig */,
				BC6B5AAE48DE6E75B36283A3 /* Pods-photoEditorChallengeTests.release.xcconfig */,
			);
			path = Pods;
			sourceTree = "<group>";
		};
/* End PBXGroup section */

/* Begin PBXNativeTarget section */
		94FF5A6227BC097C00FEB338 /* photoEditorChallenge */ = {
			isa = PBXNativeTarget;
			buildConfigurationList = 94FF5A8D27BC097D00FEB338 /* Build configuration list for PBXNativeTarget "photoEditorChallenge" */;
			buildPhases = (
				0CA6A3E86D57AF99E5D862BA /* [CP] Check Pods Manifest.lock */,
				94FF5A5F27BC097C00FEB338 /* Sources */,
				94FF5A6027BC097C00FEB338 /* Frameworks */,
				94FF5A6127BC097C00FEB338 /* Resources */,
				BF43F1B5AA3546C87B90296A /* [CP] Embed Pods Frameworks */,
			);
			buildRules = (
			);
			dependencies = (
			);
			name = photoEditorChallenge;
			packageProductDependencies = (
				94FBA83D27BD68F800A0DBDD /* Alamofire */,
			);
			productName = photoEditorChallenge;
			productReference = 94FF5A6327BC097C00FEB338 /* photoEditorChallenge.app */;
			productType = "com.apple.product-type.application";
		};
		94FF5A7827BC097D00FEB338 /* photoEditorChallengeTests */ = {
			isa = PBXNativeTarget;
			buildConfigurationList = 94FF5A9027BC097D00FEB338 /* Build configuration list for PBXNativeTarget "photoEditorChallengeTests" */;
			buildPhases = (
				EFACAE6C4B1EFC8519DDF359 /* [CP] Check Pods Manifest.lock */,
				94FF5A7527BC097D00FEB338 /* Sources */,
				94FF5A7627BC097D00FEB338 /* Frameworks */,
				94FF5A7727BC097D00FEB338 /* Resources */,
			);
			buildRules = (
			);
			dependencies = (
				94FF5A7B27BC097D00FEB338 /* PBXTargetDependency */,
			);
			name = photoEditorChallengeTests;
			productName = photoEditorChallengeTests;
			productReference = 94FF5A7927BC097D00FEB338 /* photoEditorChallengeTests.xctest */;
			productType = "com.apple.product-type.bundle.unit-test";
		};
		94FF5A8227BC097D00FEB338 /* photoEditorChallengeUITests */ = {
			isa = PBXNativeTarget;
			buildConfigurationList = 94FF5A9327BC097D00FEB338 /* Build configuration list for PBXNativeTarget "photoEditorChallengeUITests" */;
			buildPhases = (
				AFD74A396E376D87695FE23F /* [CP] Check Pods Manifest.lock */,
				94FF5A7F27BC097D00FEB338 /* Sources */,
				94FF5A8027BC097D00FEB338 /* Frameworks */,
				94FF5A8127BC097D00FEB338 /* Resources */,
				5EBDCC6B11AA4C6EFC1E073C /* [CP] Embed Pods Frameworks */,
			);
			buildRules = (
			);
			dependencies = (
				94FF5A8527BC097D00FEB338 /* PBXTargetDependency */,
			);
			name = photoEditorChallengeUITests;
			productName = photoEditorChallengeUITests;
			productReference = 94FF5A8327BC097D00FEB338 /* photoEditorChallengeUITests.xctest */;
			productType = "com.apple.product-type.bundle.ui-testing";
		};
/* End PBXNativeTarget section */

/* Begin PBXProject section */
		94FF5A5B27BC097C00FEB338 /* Project object */ = {
			isa = PBXProject;
			attributes = {
				BuildIndependentTargetsInParallel = 1;
				LastSwiftUpdateCheck = 1310;
				LastUpgradeCheck = 1310;
				TargetAttributes = {
					94FF5A6227BC097C00FEB338 = {
						CreatedOnToolsVersion = 13.1;
					};
					94FF5A7827BC097D00FEB338 = {
						CreatedOnToolsVersion = 13.1;
						TestTargetID = 94FF5A6227BC097C00FEB338;
					};
					94FF5A8227BC097D00FEB338 = {
						CreatedOnToolsVersion = 13.1;
						TestTargetID = 94FF5A6227BC097C00FEB338;
					};
				};
			};
			buildConfigurationList = 94FF5A5E27BC097C00FEB338 /* Build configuration list for PBXProject "photoEditorChallenge" */;
			compatibilityVersion = "Xcode 13.0";
			developmentRegion = en;
			hasScannedForEncodings = 0;
			knownRegions = (
				en,
				Base,
			);
			mainGroup = 94FF5A5A27BC097C00FEB338;
			packageReferences = (
				94FBA83C27BD68F800A0DBDD /* XCRemoteSwiftPackageReference "Alamofire" */,
			);
			productRefGroup = 94FF5A6427BC097C00FEB338 /* Products */;
			projectDirPath = "";
			projectRoot = "";
			targets = (
				94FF5A6227BC097C00FEB338 /* photoEditorChallenge */,
				94FF5A7827BC097D00FEB338 /* photoEditorChallengeTests */,
				94FF5A8227BC097D00FEB338 /* photoEditorChallengeUITests */,
			);
		};
/* End PBXProject section */

/* Begin PBXResourcesBuildPhase section */
		94FF5A6127BC097C00FEB338 /* Resources */ = {
			isa = PBXResourcesBuildPhase;
			buildActionMask = 2147483647;
			files = (
				94FF5A7327BC097D00FEB338 /* LaunchScreen.storyboard in Resources */,
				94FF5A7027BC097D00FEB338 /* Assets.xcassets in Resources */,
				94FE531527BCAE6A00EA743E /* PhotoArrayCollectionViewCell.xib in Resources */,
				94FF5A6E27BC097C00FEB338 /* Main.storyboard in Resources */,
			);
			runOnlyForDeploymentPostprocessing = 0;
		};
		94FF5A7727BC097D00FEB338 /* Resources */ = {
			isa = PBXResourcesBuildPhase;
			buildActionMask = 2147483647;
			files = (
			);
			runOnlyForDeploymentPostprocessing = 0;
		};
		94FF5A8127BC097D00FEB338 /* Resources */ = {
			isa = PBXResourcesBuildPhase;
			buildActionMask = 2147483647;
			files = (
			);
			runOnlyForDeploymentPostprocessing = 0;
		};
/* End PBXResourcesBuildPhase section */

/* Begin PBXShellScriptBuildPhase section */
		0CA6A3E86D57AF99E5D862BA /* [CP] Check Pods Manifest.lock */ = {
			isa = PBXShellScriptBuildPhase;
			buildActionMask = 2147483647;
			files = (
			);
			inputFileListPaths = (
			);
			inputPaths = (
				"${PODS_PODFILE_DIR_PATH}/Podfile.lock",
				"${PODS_ROOT}/Manifest.lock",
			);
			name = "[CP] Check Pods Manifest.lock";
			outputFileListPaths = (
			);
			outputPaths = (
				"$(DERIVED_FILE_DIR)/Pods-photoEditorChallenge-checkManifestLockResult.txt",
			);
			runOnlyForDeploymentPostprocessing = 0;
			shellPath = /bin/sh;
			shellScript = "diff \"${PODS_PODFILE_DIR_PATH}/Podfile.lock\" \"${PODS_ROOT}/Manifest.lock\" > /dev/null\nif [ $? != 0 ] ; then\n    # print error to STDERR\n    echo \"error: The sandbox is not in sync with the Podfile.lock. Run 'pod install' or update your CocoaPods installation.\" >&2\n    exit 1\nfi\n# This output is used by Xcode 'outputs' to avoid re-running this script phase.\necho \"SUCCESS\" > \"${SCRIPT_OUTPUT_FILE_0}\"\n";
			showEnvVarsInLog = 0;
		};
		5EBDCC6B11AA4C6EFC1E073C /* [CP] Embed Pods Frameworks */ = {
			isa = PBXShellScriptBuildPhase;
			buildActionMask = 2147483647;
			files = (
			);
			inputFileListPaths = (
				"${PODS_ROOT}/Target Support Files/Pods-photoEditorChallenge-photoEditorChallengeUITests/Pods-photoEditorChallenge-photoEditorChallengeUITests-frameworks-${CONFIGURATION}-input-files.xcfilelist",
			);
			name = "[CP] Embed Pods Frameworks";
			outputFileListPaths = (
				"${PODS_ROOT}/Target Support Files/Pods-photoEditorChallenge-photoEditorChallengeUITests/Pods-photoEditorChallenge-photoEditorChallengeUITests-frameworks-${CONFIGURATION}-output-files.xcfilelist",
			);
			runOnlyForDeploymentPostprocessing = 0;
			shellPath = /bin/sh;
			shellScript = "\"${PODS_ROOT}/Target Support Files/Pods-photoEditorChallenge-photoEditorChallengeUITests/Pods-photoEditorChallenge-photoEditorChallengeUITests-frameworks.sh\"\n";
			showEnvVarsInLog = 0;
		};
		AFD74A396E376D87695FE23F /* [CP] Check Pods Manifest.lock */ = {
			isa = PBXShellScriptBuildPhase;
			buildActionMask = 2147483647;
			files = (
			);
			inputFileListPaths = (
			);
			inputPaths = (
				"${PODS_PODFILE_DIR_PATH}/Podfile.lock",
				"${PODS_ROOT}/Manifest.lock",
			);
			name = "[CP] Check Pods Manifest.lock";
			outputFileListPaths = (
			);
			outputPaths = (
				"$(DERIVED_FILE_DIR)/Pods-photoEditorChallenge-photoEditorChallengeUITests-checkManifestLockResult.txt",
			);
			runOnlyForDeploymentPostprocessing = 0;
			shellPath = /bin/sh;
			shellScript = "diff \"${PODS_PODFILE_DIR_PATH}/Podfile.lock\" \"${PODS_ROOT}/Manifest.lock\" > /dev/null\nif [ $? != 0 ] ; then\n    # print error to STDERR\n    echo \"error: The sandbox is not in sync with the Podfile.lock. Run 'pod install' or update your CocoaPods installation.\" >&2\n    exit 1\nfi\n# This output is used by Xcode 'outputs' to avoid re-running this script phase.\necho \"SUCCESS\" > \"${SCRIPT_OUTPUT_FILE_0}\"\n";
			showEnvVarsInLog = 0;
		};
		BF43F1B5AA3546C87B90296A /* [CP] Embed Pods Frameworks */ = {
			isa = PBXShellScriptBuildPhase;
			buildActionMask = 2147483647;
			files = (
			);
			inputFileListPaths = (
				"${PODS_ROOT}/Target Support Files/Pods-photoEditorChallenge/Pods-photoEditorChallenge-frameworks-${CONFIGURATION}-input-files.xcfilelist",
			);
			name = "[CP] Embed Pods Frameworks";
			outputFileListPaths = (
				"${PODS_ROOT}/Target Support Files/Pods-photoEditorChallenge/Pods-photoEditorChallenge-frameworks-${CONFIGURATION}-output-files.xcfilelist",
			);
			runOnlyForDeploymentPostprocessing = 0;
			shellPath = /bin/sh;
			shellScript = "\"${PODS_ROOT}/Target Support Files/Pods-photoEditorChallenge/Pods-photoEditorChallenge-frameworks.sh\"\n";
			showEnvVarsInLog = 0;
		};
		EFACAE6C4B1EFC8519DDF359 /* [CP] Check Pods Manifest.lock */ = {
			isa = PBXShellScriptBuildPhase;
			buildActionMask = 2147483647;
			files = (
			);
			inputFileListPaths = (
			);
			inputPaths = (
				"${PODS_PODFILE_DIR_PATH}/Podfile.lock",
				"${PODS_ROOT}/Manifest.lock",
			);
			name = "[CP] Check Pods Manifest.lock";
			outputFileListPaths = (
			);
			outputPaths = (
				"$(DERIVED_FILE_DIR)/Pods-photoEditorChallengeTests-checkManifestLockResult.txt",
			);
			runOnlyForDeploymentPostprocessing = 0;
			shellPath = /bin/sh;
			shellScript = "diff \"${PODS_PODFILE_DIR_PATH}/Podfile.lock\" \"${PODS_ROOT}/Manifest.lock\" > /dev/null\nif [ $? != 0 ] ; then\n    # print error to STDERR\n    echo \"error: The sandbox is not in sync with the Podfile.lock. Run 'pod install' or update your CocoaPods installation.\" >&2\n    exit 1\nfi\n# This output is used by Xcode 'outputs' to avoid re-running this script phase.\necho \"SUCCESS\" > \"${SCRIPT_OUTPUT_FILE_0}\"\n";
			showEnvVarsInLog = 0;
		};
/* End PBXShellScriptBuildPhase section */

/* Begin PBXSourcesBuildPhase section */
		94FF5A5F27BC097C00FEB338 /* Sources */ = {
			isa = PBXSourcesBuildPhase;
			buildActionMask = 2147483647;
			files = (
				94FE531427BCAE6A00EA743E /* PhotoArrayCollectionViewCell.swift in Sources */,
				94FE531127BCAE2500EA743E /* PhotoCollectionViewController.swift in Sources */,
				94FE535727BCC56800EA743E /* SelectedPhotoViewController.swift in Sources */,
				94FF5A6727BC097C00FEB338 /* AppDelegate.swift in Sources */,
				94FF5A9727BC09EF00FEB338 /* PhotoRecieverFromWeb.swift in Sources */,
				94FF5A9B27BC1E4400FEB338 /* PhotoAppModel.swift in Sources */,
				94FF5A6927BC097C00FEB338 /* SceneDelegate.swift in Sources */,
				94FE535527BCC4D800EA743E /* PhotoWebData.swift in Sources */,
			);
			runOnlyForDeploymentPostprocessing = 0;
		};
		94FF5A7527BC097D00FEB338 /* Sources */ = {
			isa = PBXSourcesBuildPhase;
			buildActionMask = 2147483647;
			files = (
				94FF5A7E27BC097D00FEB338 /* photoEditorChallengeTests.swift in Sources */,
			);
			runOnlyForDeploymentPostprocessing = 0;
		};
		94FF5A7F27BC097D00FEB338 /* Sources */ = {
			isa = PBXSourcesBuildPhase;
			buildActionMask = 2147483647;
			files = (
				94FF5A8A27BC097D00FEB338 /* photoEditorChallengeUITestsLaunchTests.swift in Sources */,
				94FF5A8827BC097D00FEB338 /* photoEditorChallengeUITests.swift in Sources */,
			);
			runOnlyForDeploymentPostprocessing = 0;
		};
/* End PBXSourcesBuildPhase section */

/* Begin PBXTargetDependency section */
		94FF5A7B27BC097D00FEB338 /* PBXTargetDependency */ = {
			isa = PBXTargetDependency;
			target = 94FF5A6227BC097C00FEB338 /* photoEditorChallenge */;
			targetProxy = 94FF5A7A27BC097D00FEB338 /* PBXContainerItemProxy */;
		};
		94FF5A8527BC097D00FEB338 /* PBXTargetDependency */ = {
			isa = PBXTargetDependency;
			target = 94FF5A6227BC097C00FEB338 /* photoEditorChallenge */;
			targetProxy = 94FF5A8427BC097D00FEB338 /* PBXContainerItemProxy */;
		};
/* End PBXTargetDependency section */

/* Begin PBXVariantGroup section */
		94FF5A6C27BC097C00FEB338 /* Main.storyboard */ = {
			isa = PBXVariantGroup;
			children = (
				94FF5A6D27BC097C00FEB338 /* Base */,
			);
			name = Main.storyboard;
			sourceTree = "<group>";
		};
		94FF5A7127BC097D00FEB338 /* LaunchScreen.storyboard */ = {
			isa = PBXVariantGroup;
			children = (
				94FF5A7227BC097D00FEB338 /* Base */,
			);
			name = LaunchScreen.storyboard;
			sourceTree = "<group>";
		};
/* End PBXVariantGroup section */

/* Begin XCBuildConfiguration section */
		94FF5A8B27BC097D00FEB338 /* Debug */ = {
			isa = XCBuildConfiguration;
			buildSettings = {
				ALWAYS_SEARCH_USER_PATHS = NO;
				CLANG_ANALYZER_NONNULL = YES;
				CLANG_ANALYZER_NUMBER_OBJECT_CONVERSION = YES_AGGRESSIVE;
				CLANG_CXX_LANGUAGE_STANDARD = "gnu++17";
				CLANG_CXX_LIBRARY = "libc++";
				CLANG_ENABLE_MODULES = YES;
				CLANG_ENABLE_OBJC_ARC = YES;
				CLANG_ENABLE_OBJC_WEAK = YES;
				CLANG_WARN_BLOCK_CAPTURE_AUTORELEASING = YES;
				CLANG_WARN_BOOL_CONVERSION = YES;
				CLANG_WARN_COMMA = YES;
				CLANG_WARN_CONSTANT_CONVERSION = YES;
				CLANG_WARN_DEPRECATED_OBJC_IMPLEMENTATIONS = YES;
				CLANG_WARN_DIRECT_OBJC_ISA_USAGE = YES_ERROR;
				CLANG_WARN_DOCUMENTATION_COMMENTS = YES;
				CLANG_WARN_EMPTY_BODY = YES;
				CLANG_WARN_ENUM_CONVERSION = YES;
				CLANG_WARN_INFINITE_RECURSION = YES;
				CLANG_WARN_INT_CONVERSION = YES;
				CLANG_WARN_NON_LITERAL_NULL_CONVERSION = YES;
				CLANG_WARN_OBJC_IMPLICIT_RETAIN_SELF = YES;
				CLANG_WARN_OBJC_LITERAL_CONVERSION = YES;
				CLANG_WARN_OBJC_ROOT_CLASS = YES_ERROR;
				CLANG_WARN_QUOTED_INCLUDE_IN_FRAMEWORK_HEADER = YES;
				CLANG_WARN_RANGE_LOOP_ANALYSIS = YES;
				CLANG_WARN_STRICT_PROTOTYPES = YES;
				CLANG_WARN_SUSPICIOUS_MOVE = YES;
				CLANG_WARN_UNGUARDED_AVAILABILITY = YES_AGGRESSIVE;
				CLANG_WARN_UNREACHABLE_CODE = YES;
				CLANG_WARN__DUPLICATE_METHOD_MATCH = YES;
				COPY_PHASE_STRIP = NO;
				DEBUG_INFORMATION_FORMAT = dwarf;
				ENABLE_STRICT_OBJC_MSGSEND = YES;
				ENABLE_TESTABILITY = YES;
				GCC_C_LANGUAGE_STANDARD = gnu11;
				GCC_DYNAMIC_NO_PIC = NO;
				GCC_NO_COMMON_BLOCKS = YES;
				GCC_OPTIMIZATION_LEVEL = 0;
				GCC_PREPROCESSOR_DEFINITIONS = (
					"DEBUG=1",
					"$(inherited)",
				);
				GCC_WARN_64_TO_32_BIT_CONVERSION = YES;
				GCC_WARN_ABOUT_RETURN_TYPE = YES_ERROR;
				GCC_WARN_UNDECLARED_SELECTOR = YES;
				GCC_WARN_UNINITIALIZED_AUTOS = YES_AGGRESSIVE;
				GCC_WARN_UNUSED_FUNCTION = YES;
				GCC_WARN_UNUSED_VARIABLE = YES;
				IPHONEOS_DEPLOYMENT_TARGET = 15.0;
				MTL_ENABLE_DEBUG_INFO = INCLUDE_SOURCE;
				MTL_FAST_MATH = YES;
				ONLY_ACTIVE_ARCH = YES;
				SDKROOT = iphoneos;
				SWIFT_ACTIVE_COMPILATION_CONDITIONS = DEBUG;
				SWIFT_OPTIMIZATION_LEVEL = "-Onone";
			};
			name = Debug;
		};
		94FF5A8C27BC097D00FEB338 /* Release */ = {
			isa = XCBuildConfiguration;
			buildSettings = {
				ALWAYS_SEARCH_USER_PATHS = NO;
				CLANG_ANALYZER_NONNULL = YES;
				CLANG_ANALYZER_NUMBER_OBJECT_CONVERSION = YES_AGGRESSIVE;
				CLANG_CXX_LANGUAGE_STANDARD = "gnu++17";
				CLANG_CXX_LIBRARY = "libc++";
				CLANG_ENABLE_MODULES = YES;
				CLANG_ENABLE_OBJC_ARC = YES;
				CLANG_ENABLE_OBJC_WEAK = YES;
				CLANG_WARN_BLOCK_CAPTURE_AUTORELEASING = YES;
				CLANG_WARN_BOOL_CONVERSION = YES;
				CLANG_WARN_COMMA = YES;
				CLANG_WARN_CONSTANT_CONVERSION = YES;
				CLANG_WARN_DEPRECATED_OBJC_IMPLEMENTATIONS = YES;
				CLANG_WARN_DIRECT_OBJC_ISA_USAGE = YES_ERROR;
				CLANG_WARN_DOCUMENTATION_COMMENTS = YES;
				CLANG_WARN_EMPTY_BODY = YES;
				CLANG_WARN_ENUM_CONVERSION = YES;
				CLANG_WARN_INFINITE_RECURSION = YES;
				CLANG_WARN_INT_CONVERSION = YES;
				CLANG_WARN_NON_LITERAL_NULL_CONVERSION = YES;
				CLANG_WARN_OBJC_IMPLICIT_RETAIN_SELF = YES;
				CLANG_WARN_OBJC_LITERAL_CONVERSION = YES;
				CLANG_WARN_OBJC_ROOT_CLASS = YES_ERROR;
				CLANG_WARN_QUOTED_INCLUDE_IN_FRAMEWORK_HEADER = YES;
				CLANG_WARN_RANGE_LOOP_ANALYSIS = YES;
				CLANG_WARN_STRICT_PROTOTYPES = YES;
				CLANG_WARN_SUSPICIOUS_MOVE = YES;
				CLANG_WARN_UNGUARDED_AVAILABILITY = YES_AGGRESSIVE;
				CLANG_WARN_UNREACHABLE_CODE = YES;
				CLANG_WARN__DUPLICATE_METHOD_MATCH = YES;
				COPY_PHASE_STRIP = NO;
				DEBUG_INFORMATION_FORMAT = "dwarf-with-dsym";
				ENABLE_NS_ASSERTIONS = NO;
				ENABLE_STRICT_OBJC_MSGSEND = YES;
				GCC_C_LANGUAGE_STANDARD = gnu11;
				GCC_NO_COMMON_BLOCKS = YES;
				GCC_WARN_64_TO_32_BIT_CONVERSION = YES;
				GCC_WARN_ABOUT_RETURN_TYPE = YES_ERROR;
				GCC_WARN_UNDECLARED_SELECTOR = YES;
				GCC_WARN_UNINITIALIZED_AUTOS = YES_AGGRESSIVE;
				GCC_WARN_UNUSED_FUNCTION = YES;
				GCC_WARN_UNUSED_VARIABLE = YES;
				IPHONEOS_DEPLOYMENT_TARGET = 15.0;
				MTL_ENABLE_DEBUG_INFO = NO;
				MTL_FAST_MATH = YES;
				SDKROOT = iphoneos;
				SWIFT_COMPILATION_MODE = wholemodule;
				SWIFT_OPTIMIZATION_LEVEL = "-O";
				VALIDATE_PRODUCT = YES;
			};
			name = Release;
		};
		94FF5A8E27BC097D00FEB338 /* Debug */ = {
			isa = XCBuildConfiguration;
			baseConfigurationReference = 3334620CA785CF76324792DA /* Pods-photoEditorChallenge.debug.xcconfig */;
			buildSettings = {
				ASSETCATALOG_COMPILER_APPICON_NAME = AppIcon;
				ASSETCATALOG_COMPILER_GLOBAL_ACCENT_COLOR_NAME = AccentColor;
				CODE_SIGN_STYLE = Automatic;
				CURRENT_PROJECT_VERSION = 1;
				DEVELOPMENT_TEAM = D6Y66TH3SG;
				GENERATE_INFOPLIST_FILE = YES;
				INFOPLIST_FILE = photoEditorChallenge/Info.plist;
				INFOPLIST_KEY_UIApplicationSupportsIndirectInputEvents = YES;
				INFOPLIST_KEY_UILaunchStoryboardName = LaunchScreen;
				INFOPLIST_KEY_UIMainStoryboardFile = Main;
				INFOPLIST_KEY_UISupportedInterfaceOrientations_iPad = "UIInterfaceOrientationPortrait UIInterfaceOrientationPortraitUpsideDown UIInterfaceOrientationLandscapeLeft UIInterfaceOrientationLandscapeRight";
				INFOPLIST_KEY_UISupportedInterfaceOrientations_iPhone = "UIInterfaceOrientationPortrait UIInterfaceOrientationLandscapeLeft UIInterfaceOrientationLandscapeRight";
				LD_RUNPATH_SEARCH_PATHS = (
					"$(inherited)",
					"@executable_path/Frameworks",
				);
				MARKETING_VERSION = 1.0;
				PRODUCT_BUNDLE_IDENTIFIER = com.ann.photoEditorChallenge;
				PRODUCT_NAME = "$(TARGET_NAME)";
				SWIFT_EMIT_LOC_STRINGS = YES;
				SWIFT_VERSION = 5.0;
				TARGETED_DEVICE_FAMILY = "1,2";
			};
			name = Debug;
		};
		94FF5A8F27BC097D00FEB338 /* Release */ = {
			isa = XCBuildConfiguration;
			baseConfigurationReference = 51E64AD0DD03F954626D192D /* Pods-photoEditorChallenge.release.xcconfig */;
			buildSettings = {
				ASSETCATALOG_COMPILER_APPICON_NAME = AppIcon;
				ASSETCATALOG_COMPILER_GLOBAL_ACCENT_COLOR_NAME = AccentColor;
				CODE_SIGN_STYLE = Automatic;
				CURRENT_PROJECT_VERSION = 1;
				DEVELOPMENT_TEAM = D6Y66TH3SG;
				GENERATE_INFOPLIST_FILE = YES;
				INFOPLIST_FILE = photoEditorChallenge/Info.plist;
				INFOPLIST_KEY_UIApplicationSupportsIndirectInputEvents = YES;
				INFOPLIST_KEY_UILaunchStoryboardName = LaunchScreen;
				INFOPLIST_KEY_UIMainStoryboardFile = Main;
				INFOPLIST_KEY_UISupportedInterfaceOrientations_iPad = "UIInterfaceOrientationPortrait UIInterfaceOrientationPortraitUpsideDown UIInterfaceOrientationLandscapeLeft UIInterfaceOrientationLandscapeRight";
				INFOPLIST_KEY_UISupportedInterfaceOrientations_iPhone = "UIInterfaceOrientationPortrait UIInterfaceOrientationLandscapeLeft UIInterfaceOrientationLandscapeRight";
				LD_RUNPATH_SEARCH_PATHS = (
					"$(inherited)",
					"@executable_path/Frameworks",
				);
				MARKETING_VERSION = 1.0;
				PRODUCT_BUNDLE_IDENTIFIER = com.ann.photoEditorChallenge;
				PRODUCT_NAME = "$(TARGET_NAME)";
				SWIFT_EMIT_LOC_STRINGS = YES;
				SWIFT_VERSION = 5.0;
				TARGETED_DEVICE_FAMILY = "1,2";
			};
			name = Release;
		};
		94FF5A9127BC097D00FEB338 /* Debug */ = {
			isa = XCBuildConfiguration;
			baseConfigurationReference = 5FD9D7440BD0AA6AEF1C3302 /* Pods-photoEditorChallengeTests.debug.xcconfig */;
			buildSettings = {
				ALWAYS_EMBED_SWIFT_STANDARD_LIBRARIES = YES;
				BUNDLE_LOADER = "$(TEST_HOST)";
				CODE_SIGN_STYLE = Automatic;
				CURRENT_PROJECT_VERSION = 1;
				DEVELOPMENT_TEAM = D6Y66TH3SG;
				GENERATE_INFOPLIST_FILE = YES;
				IPHONEOS_DEPLOYMENT_TARGET = 15.0;
				LD_RUNPATH_SEARCH_PATHS = (
					"$(inherited)",
					"@executable_path/Frameworks",
					"@loader_path/Frameworks",
				);
				MARKETING_VERSION = 1.0;
				PRODUCT_BUNDLE_IDENTIFIER = com.ann.photoEditorChallengeTests;
				PRODUCT_NAME = "$(TARGET_NAME)";
				SWIFT_EMIT_LOC_STRINGS = NO;
				SWIFT_VERSION = 5.0;
				TARGETED_DEVICE_FAMILY = "1,2";
				TEST_HOST = "$(BUILT_PRODUCTS_DIR)/photoEditorChallenge.app/photoEditorChallenge";
			};
			name = Debug;
		};
		94FF5A9227BC097D00FEB338 /* Release */ = {
			isa = XCBuildConfiguration;
			baseConfigurationReference = BC6B5AAE48DE6E75B36283A3 /* Pods-photoEditorChallengeTests.release.xcconfig */;
			buildSettings = {
				ALWAYS_EMBED_SWIFT_STANDARD_LIBRARIES = YES;
				BUNDLE_LOADER = "$(TEST_HOST)";
				CODE_SIGN_STYLE = Automatic;
				CURRENT_PROJECT_VERSION = 1;
				DEVELOPMENT_TEAM = D6Y66TH3SG;
				GENERATE_INFOPLIST_FILE = YES;
				IPHONEOS_DEPLOYMENT_TARGET = 15.0;
				LD_RUNPATH_SEARCH_PATHS = (
					"$(inherited)",
					"@executable_path/Frameworks",
					"@loader_path/Frameworks",
				);
				MARKETING_VERSION = 1.0;
				PRODUCT_BUNDLE_IDENTIFIER = com.ann.photoEditorChallengeTests;
				PRODUCT_NAME = "$(TARGET_NAME)";
				SWIFT_EMIT_LOC_STRINGS = NO;
				SWIFT_VERSION = 5.0;
				TARGETED_DEVICE_FAMILY = "1,2";
				TEST_HOST = "$(BUILT_PRODUCTS_DIR)/photoEditorChallenge.app/photoEditorChallenge";
			};
			name = Release;
		};
		94FF5A9427BC097D00FEB338 /* Debug */ = {
			isa = XCBuildConfiguration;
			baseConfigurationReference = 16EB3FC33EDAC610D1026BF7 /* Pods-photoEditorChallenge-photoEditorChallengeUITests.debug.xcconfig */;
			buildSettings = {
				ALWAYS_EMBED_SWIFT_STANDARD_LIBRARIES = YES;
				CODE_SIGN_STYLE = Automatic;
				CURRENT_PROJECT_VERSION = 1;
				DEVELOPMENT_TEAM = D6Y66TH3SG;
				GENERATE_INFOPLIST_FILE = YES;
				LD_RUNPATH_SEARCH_PATHS = (
					"$(inherited)",
					"@executable_path/Frameworks",
					"@loader_path/Frameworks",
				);
				MARKETING_VERSION = 1.0;
				PRODUCT_BUNDLE_IDENTIFIER = com.ann.photoEditorChallengeUITests;
				PRODUCT_NAME = "$(TARGET_NAME)";
				SWIFT_EMIT_LOC_STRINGS = NO;
				SWIFT_VERSION = 5.0;
				TARGETED_DEVICE_FAMILY = "1,2";
				TEST_TARGET_NAME = photoEditorChallenge;
			};
			name = Debug;
		};
		94FF5A9527BC097D00FEB338 /* Release */ = {
			isa = XCBuildConfiguration;
			baseConfigurationReference = 84C91E917BBEDECDCD718C0C /* Pods-photoEditorChallenge-photoEditorChallengeUITests.release.xcconfig */;
			buildSettings = {
				ALWAYS_EMBED_SWIFT_STANDARD_LIBRARIES = YES;
				CODE_SIGN_STYLE = Automatic;
				CURRENT_PROJECT_VERSION = 1;
				DEVELOPMENT_TEAM = D6Y66TH3SG;
				GENERATE_INFOPLIST_FILE = YES;
				LD_RUNPATH_SEARCH_PATHS = (
					"$(inherited)",
					"@executable_path/Frameworks",
					"@loader_path/Frameworks",
				);
				MARKETING_VERSION = 1.0;
				PRODUCT_BUNDLE_IDENTIFIER = com.ann.photoEditorChallengeUITests;
				PRODUCT_NAME = "$(TARGET_NAME)";
				SWIFT_EMIT_LOC_STRINGS = NO;
				SWIFT_VERSION = 5.0;
				TARGETED_DEVICE_FAMILY = "1,2";
				TEST_TARGET_NAME = photoEditorChallenge;
			};
			name = Release;
		};
/* End XCBuildConfiguration section */

/* Begin XCConfigurationList section */
		94FF5A5E27BC097C00FEB338 /* Build configuration list for PBXProject "photoEditorChallenge" */ = {
			isa = XCConfigurationList;
			buildConfigurations = (
				94FF5A8B27BC097D00FEB338 /* Debug */,
				94FF5A8C27BC097D00FEB338 /* Release */,
			);
			defaultConfigurationIsVisible = 0;
			defaultConfigurationName = Release;
		};
		94FF5A8D27BC097D00FEB338 /* Build configuration list for PBXNativeTarget "photoEditorChallenge" */ = {
			isa = XCConfigurationList;
			buildConfigurations = (
				94FF5A8E27BC097D00FEB338 /* Debug */,
				94FF5A8F27BC097D00FEB338 /* Release */,
			);
			defaultConfigurationIsVisible = 0;
			defaultConfigurationName = Release;
		};
		94FF5A9027BC097D00FEB338 /* Build configuration list for PBXNativeTarget "photoEditorChallengeTests" */ = {
			isa = XCConfigurationList;
			buildConfigurations = (
				94FF5A9127BC097D00FEB338 /* Debug */,
				94FF5A9227BC097D00FEB338 /* Release */,
			);
			defaultConfigurationIsVisible = 0;
			defaultConfigurationName = Release;
		};
		94FF5A9327BC097D00FEB338 /* Build configuration list for PBXNativeTarget "photoEditorChallengeUITests" */ = {
			isa = XCConfigurationList;
			buildConfigurations = (
				94FF5A9427BC097D00FEB338 /* Debug */,
				94FF5A9527BC097D00FEB338 /* Release */,
			);
			defaultConfigurationIsVisible = 0;
			defaultConfigurationName = Release;
		};
/* End XCConfigurationList section */

/* Begin XCRemoteSwiftPackageReference section */
		94FBA83C27BD68F800A0DBDD /* XCRemoteSwiftPackageReference "Alamofire" */ = {
			isa = XCRemoteSwiftPackageReference;
			repositoryURL = "https://github.com/Alamofire/Alamofire.git";
			requirement = {
				kind = upToNextMajorVersion;
				minimumVersion = 5.0.0;
			};
		};
/* End XCRemoteSwiftPackageReference section */

/* Begin XCSwiftPackageProductDependency section */
		94FBA83D27BD68F800A0DBDD /* Alamofire */ = {
			isa = XCSwiftPackageProductDependency;
			package = 94FBA83C27BD68F800A0DBDD /* XCRemoteSwiftPackageReference "Alamofire" */;
			productName = Alamofire;
		};
/* End XCSwiftPackageProductDependency section */
	};
	rootObject = 94FF5A5B27BC097C00FEB338 /* Project object */;
}
